
Microsoft Visual Studio Solution File, Format Version 11.00
# Visual Studio 2010
Project("{FAE04EC0-301F-11D3-BF4B-00C04F79EFBC}") = "Serbia", "Assembly-CSharp.csproj", "{74F8EF60-A537-F208-27B8-F0F9E2E39A81}"
EndProject
Global
	GlobalSection(SolutionConfigurationPlatforms) = preSolution
		Debug|Any CPU = Debug|Any CPU
		Release|Any CPU = Release|Any CPU
	EndGlobalSection
	GlobalSection(ProjectConfigurationPlatforms) = postSolution
		{74F8EF60-A537-F208-27B8-F0F9E2E39A81}.Debug|Any CPU.ActiveCfg = Debug|Any CPU
		{74F8EF60-A537-F208-27B8-F0F9E2E39A81}.Debug|Any CPU.Build.0 = Debug|Any CPU
		{74F8EF60-A537-F208-27B8-F0F9E2E39A81}.Release|Any CPU.ActiveCfg = Release|Any CPU
		{74F8EF60-A537-F208-27B8-F0F9E2E39A81}.Release|Any CPU.Build.0 = Release|Any CPU
	EndGlobalSection
	GlobalSection(SolutionProperties) = preSolution
		HideSolutionNode = FALSE
	EndGlobalSection
	GlobalSection(MonoDevelopProperties) = preSolution
		StartupItem = Assembly-CSharp.csproj
	EndGlobalSection
EndGlobal
